
Microsoft Visual Studio Solution File, Format Version 12.00
# Visual Studio Version 17
VisualStudioVersion = 17.0.31903.59
MinimumVisualStudioVersion = 10.0.40219.1
Project("{2150E333-8FDC-42A3-9474-1A3956D46DE8}") = "src", "src", "{827E0CD3-B72D-47B6-A68D-7590B98EB39B}"
EndProject
Project("{FAE04EC0-301F-11D3-BF4B-00C04F79EFBC}") = "GodForge.Domain", "src\GodForge.Domain\GodForge.Domain.csproj", "{E38F0F98-9616-4077-ABD6-F6FEF3F5F702}"
EndProject
Project("{FAE04EC0-301F-11D3-BF4B-00C04F79EFBC}") = "GodForge.Application", "src\GodForge.Application\GodForge.Application.csproj", "{0BF031E3-3539-4429-A6C7-28BE244E9B20}"
EndProject
Project("{FAE04EC0-301F-11D3-BF4B-00C04F79EFBC}") = "GodForge.Infrastructure", "src\GodForge.Infrastructure\GodForge.Infrastructure.csproj", "{76D78217-77D0-4C76-B518-8BE702BE5D41}"
EndProject
Project("{FAE04EC0-301F-11D3-BF4B-00C04F79EFBC}") = "GodForge.Api", "src\GodForge.Api\GodForge.Api.csproj", "{E02A7C6F-07EC-43F0-94A9-575D6F5ED93D}"
EndProject
Project("{FAE04EC0-301F-11D3-BF4B-00C04F79EFBC}") = "GodForge.Worker", "src\GodForge.Worker\GodForge.Worker.csproj", "{818C2A51-5AA5-494E-BAB1-DC22E4DD8EB1}"
EndProject
Project("{2150E333-8FDC-42A3-9474-1A3956D46DE8}") = "tests", "tests", "{0AB3BF05-4346-4AA6-1389-037BE0695223}"
EndProject
Project("{FAE04EC0-301F-11D3-BF4B-00C04F79EFBC}") = "GodForge.UnitTests", "tests\GodForge.UnitTests\GodForge.UnitTests.csproj", "{FFF2B6F9-2F5D-4980-B08E-79ABFCDC2A61}"
EndProject
Global
	GlobalSection(SolutionConfigurationPlatforms) = preSolution
		Debug|Any CPU = Debug|Any CPU
		Debug|x64 = Debug|x64
		Debug|x86 = Debug|x86
		Release|Any CPU = Release|Any CPU
		Release|x64 = Release|x64
		Release|x86 = Release|x86
	EndGlobalSection
	GlobalSection(ProjectConfigurationPlatforms) = postSolution
		{E38F0F98-9616-4077-ABD6-F6FEF3F5F702}.Debug|Any CPU.ActiveCfg = Debug|Any CPU
		{E38F0F98-9616-4077-ABD6-F6FEF3F5F702}.Debug|Any CPU.Build.0 = Debug|Any CPU
		{E38F0F98-9616-4077-ABD6-F6FEF3F5F702}.Debug|x64.ActiveCfg = Debug|Any CPU
		{E38F0F98-9616-4077-ABD6-F6FEF3F5F702}.Debug|x64.Build.0 = Debug|Any CPU
		{E38F0F98-9616-4077-ABD6-F6FEF3F5F702}.Debug|x86.ActiveCfg = Debug|Any CPU
		{E38F0F98-9616-4077-ABD6-F6FEF3F5F702}.Debug|x86.Build.0 = Debug|Any CPU
		{E38F0F98-9616-4077-ABD6-F6FEF3F5F702}.Release|Any CPU.ActiveCfg = Release|Any CPU
		{E38F0F98-9616-4077-ABD6-F6FEF3F5F702}.Release|Any CPU.Build.0 = Release|Any CPU
		{E38F0F98-9616-4077-ABD6-F6FEF3F5F702}.Release|x64.ActiveCfg = Release|Any CPU
		{E38F0F98-9616-4077-ABD6-F6FEF3F5F702}.Release|x64.Build.0 = Release|Any CPU
		{E38F0F98-9616-4077-ABD6-F6FEF3F5F702}.Release|x86.ActiveCfg = Release|Any CPU
		{E38F0F98-9616-4077-ABD6-F6FEF3F5F702}.Release|x86.Build.0 = Release|Any CPU
		{0BF031E3-3539-4429-A6C7-28BE244E9B20}.Debug|Any CPU.ActiveCfg = Debug|Any CPU
		{0BF031E3-3539-4429-A6C7-28BE244E9B20}.Debug|Any CPU.Build.0 = Debug|Any CPU
		{0BF031E3-3539-4429-A6C7-28BE244E9B20}.Debug|x64.ActiveCfg = Debug|Any CPU
		{0BF031E3-3539-4429-A6C7-28BE244E9B20}.Debug|x64.Build.0 = Debug|Any CPU
		{0BF031E3-3539-4429-A6C7-28BE244E9B20}.Debug|x86.ActiveCfg = Debug|Any CPU
		{0BF031E3-3539-4429-A6C7-28BE244E9B20}.Debug|x86.Build.0 = Debug|Any CPU
		{0BF031E3-3539-4429-A6C7-28BE244E9B20}.Release|Any CPU.ActiveCfg = Release|Any CPU
		{0BF031E3-3539-4429-A6C7-28BE244E9B20}.Release|Any CPU.Build.0 = Release|Any CPU
		{0BF031E3-3539-4429-A6C7-28BE244E9B20}.Release|x64.ActiveCfg = Release|Any CPU
		{0BF031E3-3539-4429-A6C7-28BE244E9B20}.Release|x64.Build.0 = Release|Any CPU
		{0BF031E3-3539-4429-A6C7-28BE244E9B20}.Release|x86.ActiveCfg = Release|Any CPU
		{0BF031E3-3539-4429-A6C7-28BE244E9B20}.Release|x86.Build.0 = Release|Any CPU
		{76D78217-77D0-4C76-B518-8BE702BE5D41}.Debug|Any CPU.ActiveCfg = Debug|Any CPU
		{76D78217-77D0-4C76-B518-8BE702BE5D41}.Debug|Any CPU.Build.0 = Debug|Any CPU
		{76D78217-77D0-4C76-B518-8BE702BE5D41}.Debug|x64.ActiveCfg = Debug|Any CPU
		{76D78217-77D0-4C76-B518-8BE702BE5D41}.Debug|x64.Build.0 = Debug|Any CPU
		{76D78217-77D0-4C76-B518-8BE702BE5D41}.Debug|x86.ActiveCfg = Debug|Any CPU
		{76D78217-77D0-4C76-B518-8BE702BE5D41}.Debug|x86.Build.0 = Debug|Any CPU
		{76D78217-77D0-4C76-B518-8BE702BE5D41}.Release|Any CPU.ActiveCfg = Release|Any CPU
		{76D78217-77D0-4C76-B518-8BE702BE5D41}.Release|Any CPU.Build.0 = Release|Any CPU
		{76D78217-77D0-4C76-B518-8BE702BE5D41}.Release|x64.ActiveCfg = Release|Any CPU
		{76D78217-77D0-4C76-B518-8BE702BE5D41}.Release|x64.Build.0 = Release|Any CPU
		{76D78217-77D0-4C76-B518-8BE702BE5D41}.Release|x86.ActiveCfg = Release|Any CPU
		{76D78217-77D0-4C76-B518-8BE702BE5D41}.Release|x86.Build.0 = Release|Any CPU
		{E02A7C6F-07EC-43F0-94A9-575D6F5ED93D}.Debug|Any CPU.ActiveCfg = Debug|Any CPU
		{E02A7C6F-07EC-43F0-94A9-575D6F5ED93D}.Debug|Any CPU.Build.0 = Debug|Any CPU
		{E02A7C6F-07EC-43F0-94A9-575D6F5ED93D}.Debug|x64.ActiveCfg = Debug|Any CPU
		{E02A7C6F-07EC-43F0-94A9-575D6F5ED93D}.Debug|x64.Build.0 = Debug|Any CPU
		{E02A7C6F-07EC-43F0-94A9-575D6F5ED93D}.Debug|x86.ActiveCfg = Debug|Any CPU
		{E02A7C6F-07EC-43F0-94A9-575D6F5ED93D}.Debug|x86.Build.0 = Debug|Any CPU
		{E02A7C6F-07EC-43F0-94A9-575D6F5ED93D}.Release|Any CPU.ActiveCfg = Release|Any CPU
		{E02A7C6F-07EC-43F0-94A9-575D6F5ED93D}.Release|Any CPU.Build.0 = Release|Any CPU
		{E02A7C6F-07EC-43F0-94A9-575D6F5ED93D}.Release|x64.ActiveCfg = Release|Any CPU
		{E02A7C6F-07EC-43F0-94A9-575D6F5ED93D}.Release|x64.Build.0 = Release|Any CPU
		{E02A7C6F-07EC-43F0-94A9-575D6F5ED93D}.Release|x86.ActiveCfg = Release|Any CPU
		{E02A7C6F-07EC-43F0-94A9-575D6F5ED93D}.Release|x86.Build.0 = Release|Any CPU
		{818C2A51-5AA5-494E-BAB1-DC22E4DD8EB1}.Debug|Any CPU.ActiveCfg = Debug|Any CPU
		{818C2A51-5AA5-494E-BAB1-DC22E4DD8EB1}.Debug|Any CPU.Build.0 = Debug|Any CPU
		{818C2A51-5AA5-494E-BAB1-DC22E4DD8EB1}.Debug|x64.ActiveCfg = Debug|Any CPU
		{818C2A51-5AA5-494E-BAB1-DC22E4DD8EB1}.Debug|x64.Build.0 = Debug|Any CPU
		{818C2A51-5AA5-494E-BAB1-DC22E4DD8EB1}.Debug|x86.ActiveCfg = Debug|Any CPU
		{818C2A51-5AA5-494E-BAB1-DC22E4DD8EB1}.Debug|x86.Build.0 = Debug|Any CPU
		{818C2A51-5AA5-494E-BAB1-DC22E4DD8EB1}.Release|Any CPU.ActiveCfg = Release|Any CPU
		{818C2A51-5AA5-494E-BAB1-DC22E4DD8EB1}.Release|Any CPU.Build.0 = Release|Any CPU
		{818C2A51-5AA5-494E-BAB1-DC22E4DD8EB1}.Release|x64.ActiveCfg = Release|Any CPU
		{818C2A51-5AA5-494E-BAB1-DC22E4DD8EB1}.Release|x64.Build.0 = Release|Any CPU
		{818C2A51-5AA5-494E-BAB1-DC22E4DD8EB1}.Release|x86.ActiveCfg = Release|Any CPU
		{818C2A51-5AA5-494E-BAB1-DC22E4DD8EB1}.Release|x86.Build.0 = Release|Any CPU
		{FFF2B6F9-2F5D-4980-B08E-79ABFCDC2A61}.Debug|Any CPU.ActiveCfg = Debug|Any CPU
		{FFF2B6F9-2F5D-4980-B08E-79ABFCDC2A61}.Debug|Any CPU.Build.0 = Debug|Any CPU
		{FFF2B6F9-2F5D-4980-B08E-79ABFCDC2A61}.Debug|x64.ActiveCfg = Debug|Any CPU
		{FFF2B6F9-2F5D-4980-B08E-79ABFCDC2A61}.Debug|x64.Build.0 = Debug|Any CPU
		{FFF2B6F9-2F5D-4980-B08E-79ABFCDC2A61}.Debug|x86.ActiveCfg = Debug|Any CPU
		{FFF2B6F9-2F5D-4980-B08E-79ABFCDC2A61}.Debug|x86.Build.0 = Debug|Any CPU
		{FFF2B6F9-2F5D-4980-B08E-79ABFCDC2A61}.Release|Any CPU.ActiveCfg = Release|Any CPU
		{FFF2B6F9-2F5D-4980-B08E-79ABFCDC2A61}.Release|Any CPU.Build.0 = Release|Any CPU
		{FFF2B6F9-2F5D-4980-B08E-79ABFCDC2A61}.Release|x64.ActiveCfg = Release|Any CPU
		{FFF2B6F9-2F5D-4980-B08E-79ABFCDC2A61}.Release|x64.Build.0 = Release|Any CPU
		{FFF2B6F9-2F5D-4980-B08E-79ABFCDC2A61}.Release|x86.ActiveCfg = Release|Any CPU
		{FFF2B6F9-2F5D-4980-B08E-79ABFCDC2A61}.Release|x86.Build.0 = Release|Any CPU
	EndGlobalSection
	GlobalSection(SolutionProperties) = preSolution
		HideSolutionNode = FALSE
	EndGlobalSection
	GlobalSection(NestedProjects) = preSolution
		{E38F0F98-9616-4077-ABD6-F6FEF3F5F702} = {827E0CD3-B72D-47B6-A68D-7590B98EB39B}
		{0BF031E3-3539-4429-A6C7-28BE244E9B20} = {827E0CD3-B72D-47B6-A68D-7590B98EB39B}
		{76D78217-77D0-4C76-B518-8BE702BE5D41} = {827E0CD3-B72D-47B6-A68D-7590B98EB39B}
		{E02A7C6F-07EC-43F0-94A9-575D6F5ED93D} = {827E0CD3-B72D-47B6-A68D-7590B98EB39B}
		{818C2A51-5AA5-494E-BAB1-DC22E4DD8EB1} = {827E0CD3-B72D-47B6-A68D-7590B98EB39B}
		{FFF2B6F9-2F5D-4980-B08E-79ABFCDC2A61} = {0AB3BF05-4346-4AA6-1389-037BE0695223}
	EndGlobalSection
EndGlobal
